
Microsoft Visual Studio Solution File, Format Version 12.00
# Visual Studio Version 17
VisualStudioVersion = 17.10.34928.147
MinimumVisualStudioVersion = 10.0.40219.1
Project("{FAE04EC0-301F-11D3-BF4B-00C04F79EFBC}") = "PostmanCloneLibrary", "PostmanCloneLibrary\PostmanCloneLibrary.csproj", "{4A03576C-62C0-4557-A6BE-89BFBCCC2EBA}"
EndProject
Project("{FAE04EC0-301F-11D3-BF4B-00C04F79EFBC}") = "PostmanCloneUI", "PostmanCloneUI\PostmanCloneUI.csproj", "{F142742D-BAAB-4853-9B75-6A5D2E1E104D}"
EndProject
Global
	GlobalSection(SolutionConfigurationPlatforms) = preSolution
		Debug|Any CPU = Debug|Any CPU
		Release|Any CPU = Release|Any CPU
	EndGlobalSection
	GlobalSection(ProjectConfigurationPlatforms) = postSolution
		{4A03576C-62C0-4557-A6BE-89BFBCCC2EBA}.Debug|Any CPU.ActiveCfg = Debug|Any CPU
		{4A03576C-62C0-4557-A6BE-89BFBCCC2EBA}.Debug|Any CPU.Build.0 = Debug|Any CPU
		{4A03576C-62C0-4557-A6BE-89BFBCCC2EBA}.Release|Any CPU.ActiveCfg = Release|Any CPU
		{4A03576C-62C0-4557-A6BE-89BFBCCC2EBA}.Release|Any CPU.Build.0 = Release|Any CPU
		{F142742D-BAAB-4853-9B75-6A5D2E1E104D}.Debug|Any CPU.ActiveCfg = Debug|Any CPU
		{F142742D-BAAB-4853-9B75-6A5D2E1E104D}.Debug|Any CPU.Build.0 = Debug|Any CPU
		{F142742D-BAAB-4853-9B75-6A5D2E1E104D}.Release|Any CPU.ActiveCfg = Release|Any CPU
		{F142742D-BAAB-4853-9B75-6A5D2E1E104D}.Release|Any CPU.Build.0 = Release|Any CPU
	EndGlobalSection
	GlobalSection(SolutionProperties) = preSolution
		HideSolutionNode = FALSE
	EndGlobalSection
	GlobalSection(ExtensibilityGlobals) = postSolution
		SolutionGuid = {F43524E5-2641-4032-A82F-B047FD4CF399}
	EndGlobalSection
EndGlobal
